<?xml version="1.0" encoding="utf-8"?>
<Project ToolsVersion="4.0" xmlns="http://schemas.microsoft.com/developer/msbuild/2003">
  <ItemGroup>
    <Filter Include="Notes">
      <UniqueIdentifier>{ec2d6a0c-7365-45bb-8bf9-9f0138c036be}</UniqueIdentifier>
    </Filter>
    <Filter Include="Engines">
      <UniqueIdentifier>{619ccf50-a88b-4e23-a798-a642d41efe9a}</UniqueIdentifier>
    </Filter>
    <Filter Include="Math">
      <UniqueIdentifier>{2d731554-0c9e-402d-a7a4-708a135d0a63}</UniqueIdentifier>
    </Filter>
    <Filter Include="Helper">
      <UniqueIdentifier>{d415fa01-ec44-4290-a3d3-d330a2478d7a}</UniqueIdentifier>
    </Filter>
    <Filter Include="Graphics">
      <UniqueIdentifier>{4aaebbe1-2487-41a0-9413-01c092854c95}</UniqueIdentifier>
    </Filter>
    <Filter Include="Graphics\Allocator">
      <UniqueIdentifier>{050dd0d4-2490-4486-83aa-65c68ec6c8ae}</UniqueIdentifier>
    </Filter>
    <Filter Include="Graphics\Shaders">
      <UniqueIdentifier>{4786e205-ee57-40d7-9466-8c400eabbf6b}</UniqueIdentifier>
    </Filter>
    <Filter Include="Graphics\Structures">
      <UniqueIdentifier>{8df6f2af-8c57-4ce8-82cc-487164a42927}</UniqueIdentifier>
    </Filter>
    <Filter Include="Graphics\Model">
      <UniqueIdentifier>{20196814-1e87-4318-8bca-3825e8cf94ac}</UniqueIdentifier>
    </Filter>
    <Filter Include="ImGUI">
      <UniqueIdentifier>{52e47109-46e4-4771-a5bb-5ef7bd9bb617}</UniqueIdentifier>
    </Filter>
    <Filter Include="ImGUI\backends">
      <UniqueIdentifier>{430da44c-c5e1-4d15-aac5-98b1fe0bc153}</UniqueIdentifier>
    </Filter>
    <Filter Include="Engines\Input">
      <UniqueIdentifier>{1b90f54e-0ec4-4cf5-9283-da3069ce3429}</UniqueIdentifier>
    </Filter>
    <Filter Include="Engines\Objects">
      <UniqueIdentifier>{a7a5e535-a4c3-4f8a-97f9-5ec2790ba171}</UniqueIdentifier>
    </Filter>
    <Filter Include="Graphics\Textures">
      <UniqueIdentifier>{86a96456-b78d-4ca2-afa8-f4e237ad0017}</UniqueIdentifier>
    </Filter>
    <Filter Include="Graphics\Pipelines">
      <UniqueIdentifier>{bdd4cbc9-28a0-4caa-b894-63cd7f423f23}</UniqueIdentifier>
    </Filter>
    <Filter Include="Graphics\Buffer">
      <UniqueIdentifier>{6ca5ef34-e33e-41a8-a197-81041217427e}</UniqueIdentifier>
    </Filter>
  </ItemGroup>
  <ItemGroup>
    <ClCompile Include="main.cpp" />
    <ClCompile Include="Engines\Engine.cpp">
      <Filter>Engines</Filter>
    </ClCompile>
    <ClCompile Include="Engines\Window.cpp">
      <Filter>Engines</Filter>
    </ClCompile>
    <ClCompile Include="Graphics\Allocator\Allocator.cpp">
      <Filter>Graphics\Allocator</Filter>
    </ClCompile>
    <ClCompile Include="Graphics\Structures\Structs.cpp">
      <Filter>Graphics\Structures</Filter>
    </ClCompile>
    <ClCompile Include="Graphics\Model\Model.cpp">
      <Filter>Graphics\Model</Filter>
    </ClCompile>
    <ClCompile Include="ImGUI\myGUI.cpp">
      <Filter>ImGUI</Filter>
    </ClCompile>
    <ClCompile Include="ImGUI\imgui.cpp">
      <Filter>ImGUI</Filter>
    </ClCompile>
    <ClCompile Include="ImGUI\imgui_demo.cpp">
      <Filter>ImGUI</Filter>
    </ClCompile>
    <ClCompile Include="ImGUI\imgui_draw.cpp">
      <Filter>ImGUI</Filter>
    </ClCompile>
    <ClCompile Include="ImGUI\imgui_widgets.cpp">
      <Filter>ImGUI</Filter>
    </ClCompile>
    <ClCompile Include="ImGUI\backends\imgui_impl_glfw.cpp">
      <Filter>ImGUI\backends</Filter>
    </ClCompile>
    <ClCompile Include="ImGUI\backends\imgui_impl_vulkan.cpp">
      <Filter>ImGUI\backends</Filter>
    </ClCompile>
    <ClCompile Include="Engines\Input\Input.cpp">
      <Filter>Engines\Input</Filter>
    </ClCompile>
    <ClCompile Include="Graphics\Model\AnimationSystem.cpp">
      <Filter>Graphics\Model</Filter>
    </ClCompile>
    <ClCompile Include="Graphics\DescriptorSet.cpp">
      <Filter>Graphics</Filter>
    </ClCompile>
    <ClCompile Include="ImGUI\imgui_tables.cpp">
      <Filter>ImGUI</Filter>
    </ClCompile>
    <ClCompile Include="Engines\Objects\Object.cpp">
      <Filter>Engines\Objects</Filter>
    </ClCompile>
    <ClCompile Include="Graphics\MyScene.cpp">
      <Filter>Graphics</Filter>
    </ClCompile>
    <ClCompile Include="Graphics\Graphics.cpp">
      <Filter>Graphics</Filter>
    </ClCompile>
    <ClCompile Include="Graphics\Textures\Texture.cpp">
      <Filter>Graphics\Textures</Filter>
    </ClCompile>
    <ClCompile Include="Graphics\Pipelines\Pipeline.cpp">
      <Filter>Graphics\Pipelines</Filter>
    </ClCompile>
    <ClCompile Include="Graphics\Buffer\Buffer.cpp">
      <Filter>Graphics\Buffer</Filter>
    </ClCompile>
    <ClCompile Include="Graphics\Buffer\UniformBuffer.cpp">
      <Filter>Graphics\Buffer</Filter>
    </ClCompile>
  </ItemGroup>
  <ItemGroup>
    <ClInclude Include="GLMath.h">
      <Filter>Math</Filter>
    </ClInclude>
    <ClInclude Include="Engines\Engine.h">
      <Filter>Engines</Filter>
    </ClInclude>
    <ClInclude Include="Engines\Timer.h">
      <Filter>Engines</Filter>
    </ClInclude>
    <ClInclude Include="Engines\Window.h">
      <Filter>Engines</Filter>
    </ClInclude>
    <ClInclude Include="Helper\VulkanHelper.h">
      <Filter>Helper</Filter>
    </ClInclude>
    <ClInclude Include="Graphics\Allocator\Allocator.h">
      <Filter>Graphics\Allocator</Filter>
    </ClInclude>
    <ClInclude Include="Graphics\Structures\Structs.h">
      <Filter>Graphics\Structures</Filter>
    </ClInclude>
    <ClInclude Include="Graphics\Model\Model.h">
      <Filter>Graphics\Model</Filter>
    </ClInclude>
    <ClInclude Include="ImGUI\myGUI.h">
      <Filter>ImGUI</Filter>
    </ClInclude>
    <ClInclude Include="ImGUI\imconfig.h">
      <Filter>ImGUI</Filter>
    </ClInclude>
    <ClInclude Include="ImGUI\imgui.h">
      <Filter>ImGUI</Filter>
    </ClInclude>
    <ClInclude Include="ImGUI\imgui_internal.h">
      <Filter>ImGUI</Filter>
    </ClInclude>
    <ClInclude Include="ImGUI\imstb_rectpack.h">
      <Filter>ImGUI</Filter>
    </ClInclude>
    <ClInclude Include="ImGUI\imstb_textedit.h">
      <Filter>ImGUI</Filter>
    </ClInclude>
    <ClInclude Include="ImGUI\imstb_truetype.h">
      <Filter>ImGUI</Filter>
    </ClInclude>
    <ClInclude Include="ImGUI\backends\imgui_impl_glfw.h">
      <Filter>ImGUI\backends</Filter>
    </ClInclude>
    <ClInclude Include="ImGUI\backends\imgui_impl_vulkan.h">
      <Filter>ImGUI\backends</Filter>
    </ClInclude>
    <ClInclude Include="Engines\Input\Input.h">
      <Filter>Engines\Input</Filter>
    </ClInclude>
    <ClInclude Include="Graphics\Model\AnimationSystem.h">
      <Filter>Graphics\Model</Filter>
    </ClInclude>
    <ClInclude Include="Graphics\DescriptorSet.h">
      <Filter>Graphics</Filter>
    </ClInclude>
    <ClInclude Include="Engines\Objects\Object.h">
      <Filter>Engines\Objects</Filter>
    </ClInclude>
    <ClInclude Include="Graphics\MyScene.h">
      <Filter>Graphics</Filter>
    </ClInclude>
    <ClInclude Include="Graphics\Graphics.h">
      <Filter>Graphics</Filter>
    </ClInclude>
    <ClInclude Include="Graphics\Textures\Texture.h">
      <Filter>Graphics\Textures</Filter>
    </ClInclude>
    <ClInclude Include="Graphics\Pipelines\Pipeline.h">
      <Filter>Graphics\Pipelines</Filter>
    </ClInclude>
    <ClInclude Include="Graphics\Buffer\Buffer.h">
      <Filter>Graphics\Buffer</Filter>
    </ClInclude>
    <ClInclude Include="Graphics\Buffer\UniformBuffer.h">
      <Filter>Graphics\Buffer</Filter>
    </ClInclude>
  </ItemGroup>
  <ItemGroup>
    <Text Include="Notes\Chp1.OverviewOfVulkan.txt">
      <Filter>Notes</Filter>
    </Text>
    <Text Include="Notes\Chp2.MemoryAndResources.txt">
      <Filter>Notes</Filter>
    </Text>
    <Text Include="Notes\Chp3.QueuesAndCommands.txt">
      <Filter>Notes</Filter>
    </Text>
    <Text Include="Notes\Chp4.MovingData.txt">
      <Filter>Notes</Filter>
    </Text>
    <Text Include="Notes\Chp5.Presentation.txt">
      <Filter>Notes</Filter>
    </Text>
    <Text Include="Notes\Chp6.ShadersAndPipelines.txt">
      <Filter>Notes</Filter>
    </Text>
    <Text Include="Notes\Chp7.GraphicsPipeline.txt">
      <Filter>Notes</Filter>
    </Text>
    <Text Include="Notes\Chp8.Drawing.txt">
      <Filter>Notes</Filter>
    </Text>
    <Text Include="Notes\Chp9.GeometryProcessing.txt">
      <Filter>Notes</Filter>
    </Text>
    <Text Include="ImGUI\LICENSE.txt">
      <Filter>ImGUI</Filter>
    </Text>
  </ItemGroup>
  <ItemGroup>
    <CustomBuild Include="Graphics\Shaders\fragShader.frag">
      <Filter>Graphics\Shaders</Filter>
    </CustomBuild>
    <CustomBuild Include="Graphics\Shaders\vertexShader.vert">
      <Filter>Graphics\Shaders</Filter>
    </CustomBuild>
    <CustomBuild Include="Graphics\Shaders\skeleton.frag">
      <Filter>Graphics\Shaders</Filter>
    </CustomBuild>
    <CustomBuild Include="Graphics\Shaders\skeleton.vert">
      <Filter>Graphics\Shaders</Filter>
    </CustomBuild>
    <CustomBuild Include="Graphics\Shaders\waxShader.frag">
      <Filter>Graphics\Shaders</Filter>
    </CustomBuild>
    <CustomBuild Include="Graphics\Shaders\waxShader.vert">
      <Filter>Graphics\Shaders</Filter>
    </CustomBuild>
    <CustomBuild Include="Graphics\Shaders\blendingWeight.frag">
      <Filter>Graphics\Shaders</Filter>
    </CustomBuild>
    <CustomBuild Include="Graphics\Shaders\blendingWeight.vert">
      <Filter>Graphics\Shaders</Filter>
    </CustomBuild>
    <CustomBuild Include="Graphics\Shaders\vertexPoints.frag">
      <Filter>Graphics\Shaders</Filter>
    </CustomBuild>
    <CustomBuild Include="Graphics\Shaders\vertexPoints.vert">
      <Filter>Graphics\Shaders</Filter>
    </CustomBuild>
  </ItemGroup>
  <ItemGroup>
    <None Include="ImGUI\.editorconfig">
      <Filter>ImGUI</Filter>
    </None>
  </ItemGroup>
</Project>